// !$*UTF8*$!
{
	archiveVersion = 1;
	classes = {
	};
	objectVersion = 56;
	objects = {

/* Begin PBXBuildFile section */
		0444C1D32B271B49000DB935 /* simulConvPar.cpp in Sources */ = {isa = PBXBuildFile; fileRef = 0444C1D22B271B49000DB935 /* simulConvPar.cpp */; };
		046D27AD2B22245600CB41E0 /* writeCSV.cpp in Sources */ = {isa = PBXBuildFile; fileRef = 046D27AC2B22245600CB41E0 /* writeCSV.cpp */; };
		04B4D6202B1E5BAC0011935E /* main.cpp in Sources */ = {isa = PBXBuildFile; fileRef = 04B4D61F2B1E5BAC0011935E /* main.cpp */; };
		04B4D6282B1E5FFA0011935E /* Qalgo.cpp in Sources */ = {isa = PBXBuildFile; fileRef = 04B4D6272B1E5FFA0011935E /* Qalgo.cpp */; };
		04B4D62B2B1E60180011935E /* Function.cpp in Sources */ = {isa = PBXBuildFile; fileRef = 04B4D62A2B1E60180011935E /* Function.cpp */; };
		04B4D62E2B1F9F680011935E /* writeCSV.tpp in Sources */ = {isa = PBXBuildFile; fileRef = 04B4D62D2B1F9F680011935E /* writeCSV.tpp */; };
/* End PBXBuildFile section */

/* Begin PBXCopyFilesBuildPhase section */
		04B4D61A2B1E5BAC0011935E /* CopyFiles */ = {
			isa = PBXCopyFilesBuildPhase;
			buildActionMask = 2147483647;
			dstPath = /usr/share/man/man1/;
			dstSubfolderSpec = 0;
			files = (
			);
			runOnlyForDeploymentPostprocessing = 1;
		};
/* End PBXCopyFilesBuildPhase section */

/* Begin PBXFileReference section */
		0444C1D12B271B49000DB935 /* simulConvPar.h */ = {isa = PBXFileReference; lastKnownFileType = sourcecode.c.h; path = simulConvPar.h; sourceTree = "<group>"; };
		0444C1D22B271B49000DB935 /* simulConvPar.cpp */ = {isa = PBXFileReference; lastKnownFileType = sourcecode.cpp.cpp; path = simulConvPar.cpp; sourceTree = "<group>"; };
		046D27AC2B22245600CB41E0 /* writeCSV.cpp */ = {isa = PBXFileReference; lastKnownFileType = sourcecode.cpp.cpp; path = writeCSV.cpp; sourceTree = "<group>"; };
		04B4D61C2B1E5BAC0011935E /* AuctionSimulationQL */ = {isa = PBXFileReference; explicitFileType = "compiled.mach-o.executable"; includeInIndex = 0; path = AuctionSimulationQL; sourceTree = BUILT_PRODUCTS_DIR; };
		04B4D61F2B1E5BAC0011935E /* main.cpp */ = {isa = PBXFileReference; lastKnownFileType = sourcecode.cpp.cpp; path = main.cpp; sourceTree = "<group>"; };
		04B4D6262B1E5FFA0011935E /* Qalgo.h */ = {isa = PBXFileReference; lastKnownFileType = sourcecode.c.h; path = Qalgo.h; sourceTree = "<group>"; };
		04B4D6272B1E5FFA0011935E /* Qalgo.cpp */ = {isa = PBXFileReference; lastKnownFileType = sourcecode.cpp.cpp; path = Qalgo.cpp; sourceTree = "<group>"; };
		04B4D6292B1E60180011935E /* Function.h */ = {isa = PBXFileReference; lastKnownFileType = sourcecode.c.h; path = Function.h; sourceTree = "<group>"; };
		04B4D62A2B1E60180011935E /* Function.cpp */ = {isa = PBXFileReference; lastKnownFileType = sourcecode.cpp.cpp; path = Function.cpp; sourceTree = "<group>"; };
		04B4D62C2B1F9F680011935E /* writeCSV.h */ = {isa = PBXFileReference; lastKnownFileType = sourcecode.c.h; path = writeCSV.h; sourceTree = "<group>"; };
		04B4D62D2B1F9F680011935E /* writeCSV.tpp */ = {isa = PBXFileReference; lastKnownFileType = text; path = writeCSV.tpp; sourceTree = "<group>"; };
/* End PBXFileReference section */

/* Begin PBXFrameworksBuildPhase section */
		04B4D6192B1E5BAC0011935E /* Frameworks */ = {
			isa = PBXFrameworksBuildPhase;
			buildActionMask = 2147483647;
			files = (
			);
			runOnlyForDeploymentPostprocessing = 0;
		};
/* End PBXFrameworksBuildPhase section */

/* Begin PBXGroup section */
		04B4D6132B1E5BAC0011935E = {
			isa = PBXGroup;
			children = (
				04B4D61E2B1E5BAC0011935E /* AuctionSimulationQL */,
				04B4D61D2B1E5BAC0011935E /* Products */,
			);
			sourceTree = "<group>";
		};
		04B4D61D2B1E5BAC0011935E /* Products */ = {
			isa = PBXGroup;
			children = (
				04B4D61C2B1E5BAC0011935E /* AuctionSimulationQL */,
			);
			name = Products;
			sourceTree = "<group>";
		};
		04B4D61E2B1E5BAC0011935E /* AuctionSimulationQL */ = {
			isa = PBXGroup;
			children = (
				04B4D6292B1E60180011935E /* Function.h */,
				04B4D62A2B1E60180011935E /* Function.cpp */,
				0444C1D12B271B49000DB935 /* simulConvPar.h */,
				0444C1D22B271B49000DB935 /* simulConvPar.cpp */,
				046D27AC2B22245600CB41E0 /* writeCSV.cpp */,
				04B4D62C2B1F9F680011935E /* writeCSV.h */,
				04B4D62D2B1F9F680011935E /* writeCSV.tpp */,
				04B4D6262B1E5FFA0011935E /* Qalgo.h */,
				04B4D6272B1E5FFA0011935E /* Qalgo.cpp */,
				04B4D61F2B1E5BAC0011935E /* main.cpp */,
			);
			path = AuctionSimulationQL;
			sourceTree = "<group>";
		};
/* End PBXGroup section */

/* Begin PBXNativeTarget section */
		04B4D61B2B1E5BAC0011935E /* AuctionSimulationQL */ = {
			isa = PBXNativeTarget;
			buildConfigurationList = 04B4D6232B1E5BAC0011935E /* Build configuration list for PBXNativeTarget "AuctionSimulationQL" */;
			buildPhases = (
				04B4D6182B1E5BAC0011935E /* Sources */,
				04B4D6192B1E5BAC0011935E /* Frameworks */,
				04B4D61A2B1E5BAC0011935E /* CopyFiles */,
			);
			buildRules = (
			);
			dependencies = (
			);
			name = AuctionSimulationQL;
			productName = AuctionSimulationQL;
			productReference = 04B4D61C2B1E5BAC0011935E /* AuctionSimulationQL */;
			productType = "com.apple.product-type.tool";
		};
/* End PBXNativeTarget section */

/* Begin PBXProject section */
		04B4D6142B1E5BAC0011935E /* Project object */ = {
			isa = PBXProject;
			attributes = {
				BuildIndependentTargetsInParallel = 1;
				LastUpgradeCheck = 1430;
				TargetAttributes = {
					04B4D61B2B1E5BAC0011935E = {
						CreatedOnToolsVersion = 14.3.1;
					};
				};
			};
			buildConfigurationList = 04B4D6172B1E5BAC0011935E /* Build configuration list for PBXProject "AuctionSimulationQL" */;
			compatibilityVersion = "Xcode 14.0";
			developmentRegion = en;
			hasScannedForEncodings = 0;
			knownRegions = (
				en,
				Base,
			);
			mainGroup = 04B4D6132B1E5BAC0011935E;
			productRefGroup = 04B4D61D2B1E5BAC0011935E /* Products */;
			projectDirPath = "";
			projectRoot = "";
			targets = (
				04B4D61B2B1E5BAC0011935E /* AuctionSimulationQL */,
			);
		};
/* End PBXProject section */

/* Begin PBXSourcesBuildPhase section */
		04B4D6182B1E5BAC0011935E /* Sources */ = {
			isa = PBXSourcesBuildPhase;
			buildActionMask = 2147483647;
			files = (
				046D27AD2B22245600CB41E0 /* writeCSV.cpp in Sources */,
				04B4D6282B1E5FFA0011935E /* Qalgo.cpp in Sources */,
				0444C1D32B271B49000DB935 /* simulConvPar.cpp in Sources */,
				04B4D62B2B1E60180011935E /* Function.cpp in Sources */,
				04B4D62E2B1F9F680011935E /* writeCSV.tpp in Sources */,
				04B4D6202B1E5BAC0011935E /* main.cpp in Sources */,
			);
			runOnlyForDeploymentPostprocessing = 0;
		};
/* End PBXSourcesBuildPhase section */

/* Begin XCBuildConfiguration section */
		04B4D6212B1E5BAC0011935E /* Debug */ = {
			isa = XCBuildConfiguration;
			buildSettings = {
				ALWAYS_SEARCH_USER_PATHS = NO;
				CLANG_ANALYZER_NONNULL = YES;
				CLANG_ANALYZER_NUMBER_OBJECT_CONVERSION = YES_AGGRESSIVE;
				CLANG_CXX_LANGUAGE_STANDARD = "gnu++20";
				CLANG_ENABLE_MODULES = YES;
				CLANG_ENABLE_OBJC_ARC = YES;
				CLANG_ENABLE_OBJC_WEAK = YES;
				CLANG_WARN_BLOCK_CAPTURE_AUTORELEASING = YES;
				CLANG_WARN_BOOL_CONVERSION = YES;
				CLANG_WARN_COMMA = YES;
				CLANG_WARN_CONSTANT_CONVERSION = YES;
				CLANG_WARN_DEPRECATED_OBJC_IMPLEMENTATIONS = YES;
				CLANG_WARN_DIRECT_OBJC_ISA_USAGE = YES_ERROR;
				CLANG_WARN_DOCUMENTATION_COMMENTS = YES;
				CLANG_WARN_EMPTY_BODY = YES;
				CLANG_WARN_ENUM_CONVERSION = YES;
				CLANG_WARN_INFINITE_RECURSION = YES;
				CLANG_WARN_INT_CONVERSION = YES;
				CLANG_WARN_NON_LITERAL_NULL_CONVERSION = YES;
				CLANG_WARN_OBJC_IMPLICIT_RETAIN_SELF = YES;
				CLANG_WARN_OBJC_LITERAL_CONVERSION = YES;
				CLANG_WARN_OBJC_ROOT_CLASS = YES_ERROR;
				CLANG_WARN_QUOTED_INCLUDE_IN_FRAMEWORK_HEADER = YES;
				CLANG_WARN_RANGE_LOOP_ANALYSIS = YES;
				CLANG_WARN_STRICT_PROTOTYPES = YES;
				CLANG_WARN_SUSPICIOUS_MOVE = YES;
				CLANG_WARN_UNGUARDED_AVAILABILITY = YES_AGGRESSIVE;
				CLANG_WARN_UNREACHABLE_CODE = YES;
				CLANG_WARN__DUPLICATE_METHOD_MATCH = YES;
				COPY_PHASE_STRIP = NO;
				DEBUG_INFORMATION_FORMAT = dwarf;
				ENABLE_STRICT_OBJC_MSGSEND = YES;
				ENABLE_TESTABILITY = YES;
				GCC_C_LANGUAGE_STANDARD = gnu11;
				GCC_DYNAMIC_NO_PIC = NO;
				GCC_NO_COMMON_BLOCKS = YES;
				GCC_OPTIMIZATION_LEVEL = 0;
				GCC_PREPROCESSOR_DEFINITIONS = (
					"DEBUG=1",
					"$(inherited)",
				);
				GCC_WARN_64_TO_32_BIT_CONVERSION = YES;
				GCC_WARN_ABOUT_RETURN_TYPE = YES_ERROR;
				GCC_WARN_UNDECLARED_SELECTOR = YES;
				GCC_WARN_UNINITIALIZED_AUTOS = YES_AGGRESSIVE;
				GCC_WARN_UNUSED_FUNCTION = YES;
				GCC_WARN_UNUSED_VARIABLE = YES;
				MACOSX_DEPLOYMENT_TARGET = 13.0;
				MTL_ENABLE_DEBUG_INFO = INCLUDE_SOURCE;
				MTL_FAST_MATH = YES;
				ONLY_ACTIVE_ARCH = YES;
				SDKROOT = macosx;
			};
			name = Debug;
		};
		04B4D6222B1E5BAC0011935E /* Release */ = {
			isa = XCBuildConfiguration;
			buildSettings = {
				ALWAYS_SEARCH_USER_PATHS = NO;
				CLANG_ANALYZER_NONNULL = YES;
				CLANG_ANALYZER_NUMBER_OBJECT_CONVERSION = YES_AGGRESSIVE;
				CLANG_CXX_LANGUAGE_STANDARD = "gnu++20";
				CLANG_ENABLE_MODULES = YES;
				CLANG_ENABLE_OBJC_ARC = YES;
				CLANG_ENABLE_OBJC_WEAK = YES;
				CLANG_WARN_BLOCK_CAPTURE_AUTORELEASING = YES;
				CLANG_WARN_BOOL_CONVERSION = YES;
				CLANG_WARN_COMMA = YES;
				CLANG_WARN_CONSTANT_CONVERSION = YES;
				CLANG_WARN_DEPRECATED_OBJC_IMPLEMENTATIONS = YES;
				CLANG_WARN_DIRECT_OBJC_ISA_USAGE = YES_ERROR;
				CLANG_WARN_DOCUMENTATION_COMMENTS = YES;
				CLANG_WARN_EMPTY_BODY = YES;
				CLANG_WARN_ENUM_CONVERSION = YES;
				CLANG_WARN_INFINITE_RECURSION = YES;
				CLANG_WARN_INT_CONVERSION = YES;
				CLANG_WARN_NON_LITERAL_NULL_CONVERSION = YES;
				CLANG_WARN_OBJC_IMPLICIT_RETAIN_SELF = YES;
				CLANG_WARN_OBJC_LITERAL_CONVERSION = YES;
				CLANG_WARN_OBJC_ROOT_CLASS = YES_ERROR;
				CLANG_WARN_QUOTED_INCLUDE_IN_FRAMEWORK_HEADER = YES;
				CLANG_WARN_RANGE_LOOP_ANALYSIS = YES;
				CLANG_WARN_STRICT_PROTOTYPES = YES;
				CLANG_WARN_SUSPICIOUS_MOVE = YES;
				CLANG_WARN_UNGUARDED_AVAILABILITY = YES_AGGRESSIVE;
				CLANG_WARN_UNREACHABLE_CODE = YES;
				CLANG_WARN__DUPLICATE_METHOD_MATCH = YES;
				COPY_PHASE_STRIP = NO;
				DEBUG_INFORMATION_FORMAT = "dwarf-with-dsym";
				ENABLE_NS_ASSERTIONS = NO;
				ENABLE_STRICT_OBJC_MSGSEND = YES;
				GCC_C_LANGUAGE_STANDARD = gnu11;
				GCC_NO_COMMON_BLOCKS = YES;
				GCC_WARN_64_TO_32_BIT_CONVERSION = YES;
				GCC_WARN_ABOUT_RETURN_TYPE = YES_ERROR;
				GCC_WARN_UNDECLARED_SELECTOR = YES;
				GCC_WARN_UNINITIALIZED_AUTOS = YES_AGGRESSIVE;
				GCC_WARN_UNUSED_FUNCTION = YES;
				GCC_WARN_UNUSED_VARIABLE = YES;
				MACOSX_DEPLOYMENT_TARGET = 13.0;
				MTL_ENABLE_DEBUG_INFO = NO;
				MTL_FAST_MATH = YES;
				SDKROOT = macosx;
			};
			name = Release;
		};
		04B4D6242B1E5BAC0011935E /* Debug */ = {
			isa = XCBuildConfiguration;
			buildSettings = {
				CODE_SIGN_STYLE = Automatic;
				PRODUCT_NAME = "$(TARGET_NAME)";
			};
			name = Debug;
		};
		04B4D6252B1E5BAC0011935E /* Release */ = {
			isa = XCBuildConfiguration;
			buildSettings = {
				CODE_SIGN_STYLE = Automatic;
				PRODUCT_NAME = "$(TARGET_NAME)";
			};
			name = Release;
		};
/* End XCBuildConfiguration section */

/* Begin XCConfigurationList section */
		04B4D6172B1E5BAC0011935E /* Build configuration list for PBXProject "AuctionSimulationQL" */ = {
			isa = XCConfigurationList;
			buildConfigurations = (
				04B4D6212B1E5BAC0011935E /* Debug */,
				04B4D6222B1E5BAC0011935E /* Release */,
			);
			defaultConfigurationIsVisible = 0;
			defaultConfigurationName = Release;
		};
		04B4D6232B1E5BAC0011935E /* Build configuration list for PBXNativeTarget "AuctionSimulationQL" */ = {
			isa = XCConfigurationList;
			buildConfigurations = (
				04B4D6242B1E5BAC0011935E /* Debug */,
				04B4D6252B1E5BAC0011935E /* Release */,
			);
			defaultConfigurationIsVisible = 0;
			defaultConfigurationName = Release;
		};
/* End XCConfigurationList section */
	};
	rootObject = 04B4D6142B1E5BAC0011935E /* Project object */;
}
